<?xml version="1.0" encoding="utf-8"?>
<Project ToolsVersion="4.0" xmlns="http://schemas.microsoft.com/developer/msbuild/2003">
  <ItemGroup>
    <Filter Include="Source Files">
      <UniqueIdentifier>{4FC737F1-C7A5-4376-A066-2A32D752A2FF}</UniqueIdentifier>
      <Extensions>cpp;c;cc;cxx;c++;cppm;ixx;def;odl;idl;hpj;bat;asm;asmx</Extensions>
    </Filter>
    <Filter Include="Header Files">
      <UniqueIdentifier>{93995380-89BD-4b04-88EB-625FBE52EBFB}</UniqueIdentifier>
      <Extensions>h;hh;hpp;hxx;h++;hm;inl;inc;ipp;xsd</Extensions>
    </Filter>
    <Filter Include="Resource Files">
      <UniqueIdentifier>{67DA6AB6-F800-4c08-8B7A-83BB121AAD01}</UniqueIdentifier>
      <Extensions>rc;ico;cur;bmp;dlg;rc2;rct;bin;rgs;gif;jpg;jpeg;jpe;resx;tiff;tif;png;wav;mfcribbon-ms</Extensions>
    </Filter>
    <Filter Include="Source Files\Utils">
      <UniqueIdentifier>{c46328a6-585b-401f-8acb-0d5da2e73e17}</UniqueIdentifier>
    </Filter>
    <Filter Include="Source Files\Map">
      <UniqueIdentifier>{ae552639-cdbc-46db-bcc6-7948fa7d4dd4}</UniqueIdentifier>
    </Filter>
    <Filter Include="Resource Files\utils">
      <UniqueIdentifier>{9efb0be7-56c6-4d4b-b890-0f72adbf0004}</UniqueIdentifier>
    </Filter>
    <Filter Include="Resource Files\map">
      <UniqueIdentifier>{71387b55-ca17-45f6-841c-8427c6da0789}</UniqueIdentifier>
    </Filter>
    <Filter Include="Source Files\Player">
      <UniqueIdentifier>{93834708-f828-4cb9-80eb-365115c6db3c}</UniqueIdentifier>
    </Filter>
    <Filter Include="Resource Files\Player">
      <UniqueIdentifier>{1b1dc600-1345-4ad7-a0c1-906ed863aa94}</UniqueIdentifier>
    </Filter>
    <Filter Include="Resource Files\objects">
      <UniqueIdentifier>{b2da462b-8f3e-4b6b-81fd-c697b2c84c37}</UniqueIdentifier>
    </Filter>
  </ItemGroup>
  <ItemGroup>
    <ClCompile Include="main.cpp">
      <Filter>Source Files</Filter>
    </ClCompile>
    <ClCompile Include="utils.cpp">
      <Filter>Source Files\Utils</Filter>
    </ClCompile>
    <ClCompile Include="Terrain.cpp">
      <Filter>Source Files\Map</Filter>
    </ClCompile>
    <ClCompile Include="room.cpp">
      <Filter>Source Files\Map</Filter>
    </ClCompile>
    <ClCompile Include="Player.cpp">
      <Filter>Source Files\Player</Filter>
    </ClCompile>
    <ClCompile Include="items.h">
      <Filter>Resource Files\objects</Filter>
    </ClCompile>
    <ClCompile Include="ui.cpp">
      <Filter>Source Files\Utils</Filter>
    </ClCompile>
  </ItemGroup>
  <ItemGroup>
    <ClInclude Include="utils.h">
      <Filter>Resource Files\utils</Filter>
    </ClInclude>
    <ClInclude Include="room.h">
      <Filter>Resource Files\map</Filter>
    </ClInclude>
    <ClInclude Include="Terrain.h">
      <Filter>Resource Files\map</Filter>
    </ClInclude>
    <ClInclude Include="Player.h">
      <Filter>Resource Files\Player</Filter>
    </ClInclude>
    <ClInclude Include="ui.h">
      <Filter>Resource Files\utils</Filter>
    </ClInclude>
  </ItemGroup>
</Project>